// !$*UTF8*$!
{
	archiveVersion = 1;
	classes = {
	};
	objectVersion = 46;
	objects = {

/* Begin PBXBuildFile section */
		3406CF781A38ACF600DBA53D /* main.m in Sources */ = {isa = PBXBuildFile; fileRef = 3406CF771A38ACF600DBA53D /* main.m */; };
		3406CF7B1A38ACF600DBA53D /* AppDelegate.m in Sources */ = {isa = PBXBuildFile; fileRef = 3406CF7A1A38ACF600DBA53D /* AppDelegate.m */; };
		3406CF7E1A38ACF600DBA53D /* ViewController.m in Sources */ = {isa = PBXBuildFile; fileRef = 3406CF7D1A38ACF600DBA53D /* ViewController.m */; };
		3406CF811A38ACF600DBA53D /* Main.storyboard in Resources */ = {isa = PBXBuildFile; fileRef = 3406CF7F1A38ACF600DBA53D /* Main.storyboard */; };
		3406CF831A38ACF600DBA53D /* Images.xcassets in Resources */ = {isa = PBXBuildFile; fileRef = 3406CF821A38ACF600DBA53D /* Images.xcassets */; };
		3406CF861A38ACF600DBA53D /* LaunchScreen.xib in Resources */ = {isa = PBXBuildFile; fileRef = 3406CF841A38ACF600DBA53D /* LaunchScreen.xib */; };
		3406CF921A38ACF600DBA53D /* LiveReaderTests.m in Sources */ = {isa = PBXBuildFile; fileRef = 3406CF911A38ACF600DBA53D /* LiveReaderTests.m */; };
/* End PBXBuildFile section */

/* Begin PBXContainerItemProxy section */
		3406CF8C1A38ACF600DBA53D /* PBXContainerItemProxy */ = {
			isa = PBXContainerItemProxy;
			containerPortal = 3406CF6A1A38ACF600DBA53D /* Project object */;
			proxyType = 1;
			remoteGlobalIDString = 3406CF711A38ACF600DBA53D;
			remoteInfo = LiveReader;
		};
/* End PBXContainerItemProxy section */

/* Begin PBXFileReference section */
		3406CF721A38ACF600DBA53D /* LiveReader.app */ = {isa = PBXFileReference; explicitFileType = wrapper.application; includeInIndex = 0; path = LiveReader.app; sourceTree = BUILT_PRODUCTS_DIR; };
		3406CF761A38ACF600DBA53D /* Info.plist */ = {isa = PBXFileReference; lastKnownFileType = text.plist.xml; path = Info.plist; sourceTree = "<group>"; };
		3406CF771A38ACF600DBA53D /* main.m */ = {isa = PBXFileReference; lastKnownFileType = sourcecode.c.objc; path = main.m; sourceTree = "<group>"; };
		3406CF791A38ACF600DBA53D /* AppDelegate.h */ = {isa = PBXFileReference; lastKnownFileType = sourcecode.c.h; path = AppDelegate.h; sourceTree = "<group>"; };
		3406CF7A1A38ACF600DBA53D /* AppDelegate.m */ = {isa = PBXFileReference; lastKnownFileType = sourcecode.c.objc; path = AppDelegate.m; sourceTree = "<group>"; };
		3406CF7C1A38ACF600DBA53D /* ViewController.h */ = {isa = PBXFileReference; lastKnownFileType = sourcecode.c.h; path = ViewController.h; sourceTree = "<group>"; };
		3406CF7D1A38ACF600DBA53D /* ViewController.m */ = {isa = PBXFileReference; lastKnownFileType = sourcecode.c.objc; path = ViewController.m; sourceTree = "<group>"; };
		3406CF801A38ACF600DBA53D /* Base */ = {isa = PBXFileReference; lastKnownFileType = file.storyboard; name = Base; path = Base.lproj/Main.storyboard; sourceTree = "<group>"; };
		3406CF821A38ACF600DBA53D /* Images.xcassets */ = {isa = PBXFileReference; lastKnownFileType = folder.assetcatalog; path = Images.xcassets; sourceTree = "<group>"; };
		3406CF851A38ACF600DBA53D /* Base */ = {isa = PBXFileReference; lastKnownFileType = file.xib; name = Base; path = Base.lproj/LaunchScreen.xib; sourceTree = "<group>"; };
		3406CF8B1A38ACF600DBA53D /* LiveReaderTests.xctest */ = {isa = PBXFileReference; explicitFileType = wrapper.cfbundle; includeInIndex = 0; path = LiveReaderTests.xctest; sourceTree = BUILT_PRODUCTS_DIR; };
		3406CF901A38ACF600DBA53D /* Info.plist */ = {isa = PBXFileReference; lastKnownFileType = text.plist.xml; path = Info.plist; sourceTree = "<group>"; };
		3406CF911A38ACF600DBA53D /* LiveReaderTests.m */ = {isa = PBXFileReference; lastKnownFileType = sourcecode.c.objc; path = LiveReaderTests.m; sourceTree = "<group>"; };
/* End PBXFileReference section */

/* Begin PBXFrameworksBuildPhase section */
		3406CF6F1A38ACF600DBA53D /* Frameworks */ = {
			isa = PBXFrameworksBuildPhase;
			buildActionMask = 2147483647;
			files = (
			);
			runOnlyForDeploymentPostprocessing = 0;
		};
		3406CF881A38ACF600DBA53D /* Frameworks */ = {
			isa = PBXFrameworksBuildPhase;
			buildActionMask = 2147483647;
			files = (
			);
			runOnlyForDeploymentPostprocessing = 0;
		};
/* End PBXFrameworksBuildPhase section */

/* Begin PBXGroup section */
		3406CF691A38ACF600DBA53D = {
			isa = PBXGroup;
			children = (
				3406CF741A38ACF600DBA53D /* LiveReader */,
				3406CF8E1A38ACF600DBA53D /* LiveReaderTests */,
				3406CF731A38ACF600DBA53D /* Products */,
			);
			sourceTree = "<group>";
		};
		3406CF731A38ACF600DBA53D /* Products */ = {
			isa = PBXGroup;
			children = (
				3406CF721A38ACF600DBA53D /* LiveReader.app */,
				3406CF8B1A38ACF600DBA53D /* LiveReaderTests.xctest */,
			);
			name = Products;
			sourceTree = "<group>";
		};
		3406CF741A38ACF600DBA53D /* LiveReader */ = {
			isa = PBXGroup;
			children = (
				3406CF791A38ACF600DBA53D /* AppDelegate.h */,
				3406CF7A1A38ACF600DBA53D /* AppDelegate.m */,
				3406CF7C1A38ACF600DBA53D /* ViewController.h */,
				3406CF7D1A38ACF600DBA53D /* ViewController.m */,
				3406CF7F1A38ACF600DBA53D /* Main.storyboard */,
				3406CF821A38ACF600DBA53D /* Images.xcassets */,
				3406CF841A38ACF600DBA53D /* LaunchScreen.xib */,
				3406CF751A38ACF600DBA53D /* Supporting Files */,
			);
			path = LiveReader;
			sourceTree = "<group>";
		};
		3406CF751A38ACF600DBA53D /* Supporting Files */ = {
			isa = PBXGroup;
			children = (
				3406CF761A38ACF600DBA53D /* Info.plist */,
				3406CF771A38ACF600DBA53D /* main.m */,
			);
			name = "Supporting Files";
			sourceTree = "<group>";
		};
		3406CF8E1A38ACF600DBA53D /* LiveReaderTests */ = {
			isa = PBXGroup;
			children = (
				3406CF911A38ACF600DBA53D /* LiveReaderTests.m */,
				3406CF8F1A38ACF600DBA53D /* Supporting Files */,
			);
			path = LiveReaderTests;
			sourceTree = "<group>";
		};
		3406CF8F1A38ACF600DBA53D /* Supporting Files */ = {
			isa = PBXGroup;
			children = (
				3406CF901A38ACF600DBA53D /* Info.plist */,
			);
			name = "Supporting Files";
			sourceTree = "<group>";
		};
/* End PBXGroup section */

/* Begin PBXNativeTarget section */
		3406CF711A38ACF600DBA53D /* LiveReader */ = {
			isa = PBXNativeTarget;
			buildConfigurationList = 3406CF951A38ACF600DBA53D /* Build configuration list for PBXNativeTarget "LiveReader" */;
			buildPhases = (
				3406CF6E1A38ACF600DBA53D /* Sources */,
				3406CF6F1A38ACF600DBA53D /* Frameworks */,
				3406CF701A38ACF600DBA53D /* Resources */,
			);
			buildRules = (
			);
			dependencies = (
			);
			name = LiveReader;
			productName = LiveReader;
			productReference = 3406CF721A38ACF600DBA53D /* LiveReader.app */;
			productType = "com.apple.product-type.application";
		};
		3406CF8A1A38ACF600DBA53D /* LiveReaderTests */ = {
			isa = PBXNativeTarget;
			buildConfigurationList = 3406CF981A38ACF600DBA53D /* Build configuration list for PBXNativeTarget "LiveReaderTests" */;
			buildPhases = (
				3406CF871A38ACF600DBA53D /* Sources */,
				3406CF881A38ACF600DBA53D /* Frameworks */,
				3406CF891A38ACF600DBA53D /* Resources */,
			);
			buildRules = (
			);
			dependencies = (
				3406CF8D1A38ACF600DBA53D /* PBXTargetDependency */,
			);
			name = LiveReaderTests;
			productName = LiveReaderTests;
			productReference = 3406CF8B1A38ACF600DBA53D /* LiveReaderTests.xctest */;
			productType = "com.apple.product-type.bundle.unit-test";
		};
/* End PBXNativeTarget section */

/* Begin PBXProject section */
		3406CF6A1A38ACF600DBA53D /* Project object */ = {
			isa = PBXProject;
			attributes = {
				LastUpgradeCheck = 0610;
				ORGANIZATIONNAME = Onix;
				TargetAttributes = {
					3406CF711A38ACF600DBA53D = {
						CreatedOnToolsVersion = 6.1;
					};
					3406CF8A1A38ACF600DBA53D = {
						CreatedOnToolsVersion = 6.1;
						TestTargetID = 3406CF711A38ACF600DBA53D;
					};
				};
			};
			buildConfigurationList = 3406CF6D1A38ACF600DBA53D /* Build configuration list for PBXProject "LiveReader" */;
			compatibilityVersion = "Xcode 3.2";
			developmentRegion = English;
			hasScannedForEncodings = 0;
			knownRegions = (
				en,
				Base,
			);
			mainGroup = 3406CF691A38ACF600DBA53D;
			productRefGroup = 3406CF731A38ACF600DBA53D /* Products */;
			projectDirPath = "";
			projectRoot = "";
			targets = (
				3406CF711A38ACF600DBA53D /* LiveReader */,
				3406CF8A1A38ACF600DBA53D /* LiveReaderTests */,
			);
		};
/* End PBXProject section */

/* Begin PBXResourcesBuildPhase section */
		3406CF701A38ACF600DBA53D /* Resources */ = {
			isa = PBXResourcesBuildPhase;
			buildActionMask = 2147483647;
			files = (
				3406CF811A38ACF600DBA53D /* Main.storyboard in Resources */,
				3406CF861A38ACF600DBA53D /* LaunchScreen.xib in Resources */,
				3406CF831A38ACF600DBA53D /* Images.xcassets in Resources */,
			);
			runOnlyForDeploymentPostprocessing = 0;
		};
		3406CF891A38ACF600DBA53D /* Resources */ = {
			isa = PBXResourcesBuildPhase;
			buildActionMask = 2147483647;
			files = (
			);
			runOnlyForDeploymentPostprocessing = 0;
		};
/* End PBXResourcesBuildPhase section */

/* Begin PBXSourcesBuildPhase section */
		3406CF6E1A38ACF600DBA53D /* Sources */ = {
			isa = PBXSourcesBuildPhase;
			buildActionMask = 2147483647;
			files = (
				3406CF7E1A38ACF600DBA53D /* ViewController.m in Sources */,
				3406CF7B1A38ACF600DBA53D /* AppDelegate.m in Sources */,
				3406CF781A38ACF600DBA53D /* main.m in Sources */,
			);
			runOnlyForDeploymentPostprocessing = 0;
		};
		3406CF871A38ACF600DBA53D /* Sources */ = {
			isa = PBXSourcesBuildPhase;
			buildActionMask = 2147483647;
			files = (
				3406CF921A38ACF600DBA53D /* LiveReaderTests.m in Sources */,
			);
			runOnlyForDeploymentPostprocessing = 0;
		};
/* End PBXSourcesBuildPhase section */

/* Begin PBXTargetDependency section */
		3406CF8D1A38ACF600DBA53D /* PBXTargetDependency */ = {
			isa = PBXTargetDependency;
			target = 3406CF711A38ACF600DBA53D /* LiveReader */;
			targetProxy = 3406CF8C1A38ACF600DBA53D /* PBXContainerItemProxy */;
		};
/* End PBXTargetDependency section */

/* Begin PBXVariantGroup section */
		3406CF7F1A38ACF600DBA53D /* Main.storyboard */ = {
			isa = PBXVariantGroup;
			children = (
				3406CF801A38ACF600DBA53D /* Base */,
			);
			name = Main.storyboard;
			sourceTree = "<group>";
		};
		3406CF841A38ACF600DBA53D /* LaunchScreen.xib */ = {
			isa = PBXVariantGroup;
			children = (
				3406CF851A38ACF600DBA53D /* Base */,
			);
			name = LaunchScreen.xib;
			sourceTree = "<group>";
		};
/* End PBXVariantGroup section */

/* Begin XCBuildConfiguration section */
		3406CF931A38ACF600DBA53D /* Debug */ = {
			isa = XCBuildConfiguration;
			buildSettings = {
				ALWAYS_SEARCH_USER_PATHS = NO;
				CLANG_CXX_LANGUAGE_STANDARD = "gnu++0x";
				CLANG_CXX_LIBRARY = "libc++";
				CLANG_ENABLE_MODULES = YES;
				CLANG_ENABLE_OBJC_ARC = YES;
				CLANG_WARN_BOOL_CONVERSION = YES;
				CLANG_WARN_CONSTANT_CONVERSION = YES;
				CLANG_WARN_DIRECT_OBJC_ISA_USAGE = YES_ERROR;
				CLANG_WARN_EMPTY_BODY = YES;
				CLANG_WARN_ENUM_CONVERSION = YES;
				CLANG_WARN_INT_CONVERSION = YES;
				CLANG_WARN_OBJC_ROOT_CLASS = YES_ERROR;
				CLANG_WARN_UNREACHABLE_CODE = YES;
				CLANG_WARN__DUPLICATE_METHOD_MATCH = YES;
				"CODE_SIGN_IDENTITY[sdk=iphoneos*]" = "iPhone Developer";
				COPY_PHASE_STRIP = NO;
				ENABLE_STRICT_OBJC_MSGSEND = YES;
				GCC_C_LANGUAGE_STANDARD = gnu99;
				GCC_DYNAMIC_NO_PIC = NO;
				GCC_OPTIMIZATION_LEVEL = 0;
				GCC_PREPROCESSOR_DEFINITIONS = (
					"DEBUG=1",
					"$(inherited)",
				);
				GCC_SYMBOLS_PRIVATE_EXTERN = NO;
				GCC_WARN_64_TO_32_BIT_CONVERSION = YES;
				GCC_WARN_ABOUT_RETURN_TYPE = YES_ERROR;
				GCC_WARN_UNDECLARED_SELECTOR = YES;
				GCC_WARN_UNINITIALIZED_AUTOS = YES_AGGRESSIVE;
				GCC_WARN_UNUSED_FUNCTION = YES;
				GCC_WARN_UNUSED_VARIABLE = YES;
				IPHONEOS_DEPLOYMENT_TARGET = 8.1;
				MTL_ENABLE_DEBUG_INFO = YES;
				ONLY_ACTIVE_ARCH = YES;
				SDKROOT = iphoneos;
			};
			name = Debug;
		};
		3406CF941A38ACF600DBA53D /* Release */ = {
			isa = XCBuildConfiguration;
			buildSettings = {
				ALWAYS_SEARCH_USER_PATHS = NO;
				CLANG_CXX_LANGUAGE_STANDARD = "gnu++0x";
				CLANG_CXX_LIBRARY = "libc++";
				CLANG_ENABLE_MODULES = YES;
				CLANG_ENABLE_OBJC_ARC = YES;
				CLANG_WARN_BOOL_CONVERSION = YES;
				CLANG_WARN_CONSTANT_CONVERSION = YES;
				CLANG_WARN_DIRECT_OBJC_ISA_USAGE = YES_ERROR;
				CLANG_WARN_EMPTY_BODY = YES;
				CLANG_WARN_ENUM_CONVERSION = YES;
				CLANG_WARN_INT_CONVERSION = YES;
				CLANG_WARN_OBJC_ROOT_CLASS = YES_ERROR;
				CLANG_WARN_UNREACHABLE_CODE = YES;
				CLANG_WARN__DUPLICATE_METHOD_MATCH = YES;
				"CODE_SIGN_IDENTITY[sdk=iphoneos*]" = "iPhone Developer";
				COPY_PHASE_STRIP = YES;
				ENABLE_NS_ASSERTIONS = NO;
				ENABLE_STRICT_OBJC_MSGSEND = YES;
				GCC_C_LANGUAGE_STANDARD = gnu99;
				GCC_WARN_64_TO_32_BIT_CONVERSION = YES;
				GCC_WARN_ABOUT_RETURN_TYPE = YES_ERROR;
				GCC_WARN_UNDECLARED_SELECTOR = YES;
				GCC_WARN_UNINITIALIZED_AUTOS = YES_AGGRESSIVE;
				GCC_WARN_UNUSED_FUNCTION = YES;
				GCC_WARN_UNUSED_VARIABLE = YES;
				IPHONEOS_DEPLOYMENT_TARGET = 8.1;
				MTL_ENABLE_DEBUG_INFO = NO;
				SDKROOT = iphoneos;
				VALIDATE_PRODUCT = YES;
			};
			name = Release;
		};
		3406CF961A38ACF600DBA53D /* Debug */ = {
			isa = XCBuildConfiguration;
			buildSettings = {
				ASSETCATALOG_COMPILER_APPICON_NAME = AppIcon;
				INFOPLIST_FILE = LiveReader/Info.plist;
				LD_RUNPATH_SEARCH_PATHS = "$(inherited) @executable_path/Frameworks";
				PRODUCT_NAME = "$(TARGET_NAME)";
			};
			name = Debug;
		};
		3406CF971A38ACF600DBA53D /* Release */ = {
			isa = XCBuildConfiguration;
			buildSettings = {
				ASSETCATALOG_COMPILER_APPICON_NAME = AppIcon;
				INFOPLIST_FILE = LiveReader/Info.plist;
				LD_RUNPATH_SEARCH_PATHS = "$(inherited) @executable_path/Frameworks";
				PRODUCT_NAME = "$(TARGET_NAME)";
			};
			name = Release;
		};
		3406CF991A38ACF600DBA53D /* Debug */ = {
			isa = XCBuildConfiguration;
			buildSettings = {
				BUNDLE_LOADER = "$(TEST_HOST)";
				FRAMEWORK_SEARCH_PATHS = (
					"$(SDKROOT)/Developer/Library/Frameworks",
					"$(inherited)",
				);
				GCC_PREPROCESSOR_DEFINITIONS = (
					"DEBUG=1",
					"$(inherited)",
				);
				INFOPLIST_FILE = LiveReaderTests/Info.plist;
				LD_RUNPATH_SEARCH_PATHS = "$(inherited) @executable_path/Frameworks @loader_path/Frameworks";
				PRODUCT_NAME = "$(TARGET_NAME)";
				TEST_HOST = "$(BUILT_PRODUCTS_DIR)/LiveReader.app/LiveReader";
			};
			name = Debug;
		};
		3406CF9A1A38ACF600DBA53D /* Release */ = {
			isa = XCBuildConfiguration;
			buildSettings = {
				BUNDLE_LOADER = "$(TEST_HOST)";
				FRAMEWORK_SEARCH_PATHS = (
					"$(SDKROOT)/Developer/Library/Frameworks",
					"$(inherited)",
				);
				INFOPLIST_FILE = LiveReaderTests/Info.plist;
				LD_RUNPATH_SEARCH_PATHS = "$(inherited) @executable_path/Frameworks @loader_path/Frameworks";
				PRODUCT_NAME = "$(TARGET_NAME)";
				TEST_HOST = "$(BUILT_PRODUCTS_DIR)/LiveReader.app/LiveReader";
			};
			name = Release;
		};
/* End XCBuildConfiguration section */

/* Begin XCConfigurationList section */
		3406CF6D1A38ACF600DBA53D /* Build configuration list for PBXProject "LiveReader" */ = {
			isa = XCConfigurationList;
			buildConfigurations = (
				3406CF931A38ACF600DBA53D /* Debug */,
				3406CF941A38ACF600DBA53D /* Release */,
			);
			defaultConfigurationIsVisible = 0;
			defaultConfigurationName = Release;
		};
		3406CF951A38ACF600DBA53D /* Build configuration list for PBXNativeTarget "LiveReader" */ = {
			isa = XCConfigurationList;
			buildConfigurations = (
				3406CF961A38ACF600DBA53D /* Debug */,
				3406CF971A38ACF600DBA53D /* Release */,
			);
			defaultConfigurationIsVisible = 0;
		};
		3406CF981A38ACF600DBA53D /* Build configuration list for PBXNativeTarget "LiveReaderTests" */ = {
			isa = XCConfigurationList;
			buildConfigurations = (
				3406CF991A38ACF600DBA53D /* Debug */,
				3406CF9A1A38ACF600DBA53D /* Release */,
			);
			defaultConfigurationIsVisible = 0;
		};
/* End XCConfigurationList section */
	};
	rootObject = 3406CF6A1A38ACF600DBA53D /* Project object */;
}
